schema: '2.0'
stages:
  data_injection:
    cmd: python src/data/data_injection.py
    deps:
    - path: src/data/data_injection.py
      hash: md5
      md5: acdbc0fce8a3b6c8a3f822803d2dad88
      size: 4089
  feature_extraction:
    cmd: python src/feature_engineering/feature_extraction.py
    deps:
    - path: src/feature_engineering/feature_extraction.py
      hash: md5
      md5: 5b3210f0675d975d57e12c4bcfb57319
      size: 7375
    params:
      params.yaml:
        feature_extraction.KMeans.init: k-means++
        feature_extraction.KMeans.n_clusters: 50
        feature_extraction.KMeans.random_state: 42
        feature_extraction.resample_data.alpha: 0.4
    outs:
    - path: data/processed/resampled_df.csv
      hash: md5
      md5: 90183636853e80d44deb08fdfbaba580
      size: 14002918
    - path: src/model/kmeans.joblib
      hash: md5
      md5: 1354576601655dcefcaad8a7e3e7ac49
      size: 153907
    - path: src/model/scaler.joblib
      hash: md5
      md5: bce4a56b92f4a37f0838366dcb32dd32
      size: 951
  feature_processing:
    cmd: python src/feature_engineering/feature_processing.py
    deps:
    - path: data/processed/resampled_df.csv
      hash: md5
      md5: 90183636853e80d44deb08fdfbaba580
      size: 14002918
    - path: src/feature_engineering/feature_processing.py
      hash: md5
      md5: 1ca6f52da537098f50db26c4395fcfc0
      size: 3976
    outs:
    - path: data\processed\testing_df.csv
      hash: md5
      md5: c2aa3ff465eccda08d5adc26c45e9cea
      size: 8912594
    - path: data\processed\training_df.csv
      hash: md5
      md5: 2f56b8637b4c3e801784b8e27c8c653d
      size: 17166002
  model_training:
    cmd: Python src/model/train.py
    deps:
    - path: data/processed/training_df.csv
      hash: md5
      md5: 2f56b8637b4c3e801784b8e27c8c653d
      size: 17166002
    - path: src\model\train.py
      hash: md5
      md5: 48caf06ced11a631a222f456487c049c
      size: 3451
    outs:
    - path: src\model\model.joblib
      hash: md5
      md5: b6644151d862c8ca166b1e7458212ee2
      size: 1521
    - path: src\model\preprocessor.joblib
      hash: md5
      md5: b6d9fd138ed2bd3bb3270c729176145b
      size: 3260
